
Microsoft Visual Studio Solution File, Format Version 12.00
# Visual Studio Version 16
VisualStudioVersion = 16.0.29905.134
MinimumVisualStudioVersion = 10.0.40219.1
Project("{FAE04EC0-301F-11D3-BF4B-00C04F79EFBC}") = "ListaExercicioATVD1", "ListaExercicio\ListaExercicioATVD1.csproj", "{CFE72D5B-A960-4E86-9C5F-60CEDC1D13D0}"
EndProject
Project("{FAE04EC0-301F-11D3-BF4B-00C04F79EFBC}") = "ListaExercicioATVD2", "ListaExercicioATVD2\ListaExercicioATVD2.csproj", "{E34CC12A-2C23-46EC-BA7C-A00A78B0F391}"
EndProject
Project("{FAE04EC0-301F-11D3-BF4B-00C04F79EFBC}") = "ListaExercicioATVD3", "ListaExercicioATVD3\ListaExercicioATVD3.csproj", "{E9D14192-56E6-4F0D-AF66-084F7F5CD473}"
EndProject
Project("{FAE04EC0-301F-11D3-BF4B-00C04F79EFBC}") = "ListaExercicioATVD4", "ListaExercicioATVD4\ListaExercicioATVD4.csproj", "{A68D753D-4A3F-4055-A257-232FC2286C8A}"
EndProject
Project("{FAE04EC0-301F-11D3-BF4B-00C04F79EFBC}") = "ListaExercicioATVD5", "ListaExercicioATVD5\ListaExercicioATVD5.csproj", "{437DBDF1-22B5-4A4F-9502-D093F003FCF7}"
EndProject
Project("{FAE04EC0-301F-11D3-BF4B-00C04F79EFBC}") = "ListaExercicioATVD6", "ListaExercicioATVD6\ListaExercicioATVD6.csproj", "{F8D30C6F-1A92-4BD0-BE0B-FED25E3184BD}"
EndProject
Project("{FAE04EC0-301F-11D3-BF4B-00C04F79EFBC}") = "ListaExercicioATVD7", "ListaExercicioATVD7\ListaExercicioATVD7.csproj", "{B0F14818-80E4-4834-B32C-C1B76893E092}"
EndProject
Global
	GlobalSection(SolutionConfigurationPlatforms) = preSolution
		Debug|Any CPU = Debug|Any CPU
		Release|Any CPU = Release|Any CPU
	EndGlobalSection
	GlobalSection(ProjectConfigurationPlatforms) = postSolution
		{CFE72D5B-A960-4E86-9C5F-60CEDC1D13D0}.Debug|Any CPU.ActiveCfg = Debug|Any CPU
		{CFE72D5B-A960-4E86-9C5F-60CEDC1D13D0}.Debug|Any CPU.Build.0 = Debug|Any CPU
		{CFE72D5B-A960-4E86-9C5F-60CEDC1D13D0}.Release|Any CPU.ActiveCfg = Release|Any CPU
		{CFE72D5B-A960-4E86-9C5F-60CEDC1D13D0}.Release|Any CPU.Build.0 = Release|Any CPU
		{E34CC12A-2C23-46EC-BA7C-A00A78B0F391}.Debug|Any CPU.ActiveCfg = Debug|Any CPU
		{E34CC12A-2C23-46EC-BA7C-A00A78B0F391}.Debug|Any CPU.Build.0 = Debug|Any CPU
		{E34CC12A-2C23-46EC-BA7C-A00A78B0F391}.Release|Any CPU.ActiveCfg = Release|Any CPU
		{E34CC12A-2C23-46EC-BA7C-A00A78B0F391}.Release|Any CPU.Build.0 = Release|Any CPU
		{E9D14192-56E6-4F0D-AF66-084F7F5CD473}.Debug|Any CPU.ActiveCfg = Debug|Any CPU
		{E9D14192-56E6-4F0D-AF66-084F7F5CD473}.Debug|Any CPU.Build.0 = Debug|Any CPU
		{E9D14192-56E6-4F0D-AF66-084F7F5CD473}.Release|Any CPU.ActiveCfg = Release|Any CPU
		{E9D14192-56E6-4F0D-AF66-084F7F5CD473}.Release|Any CPU.Build.0 = Release|Any CPU
		{A68D753D-4A3F-4055-A257-232FC2286C8A}.Debug|Any CPU.ActiveCfg = Debug|Any CPU
		{A68D753D-4A3F-4055-A257-232FC2286C8A}.Debug|Any CPU.Build.0 = Debug|Any CPU
		{A68D753D-4A3F-4055-A257-232FC2286C8A}.Release|Any CPU.ActiveCfg = Release|Any CPU
		{A68D753D-4A3F-4055-A257-232FC2286C8A}.Release|Any CPU.Build.0 = Release|Any CPU
		{437DBDF1-22B5-4A4F-9502-D093F003FCF7}.Debug|Any CPU.ActiveCfg = Debug|Any CPU
		{437DBDF1-22B5-4A4F-9502-D093F003FCF7}.Debug|Any CPU.Build.0 = Debug|Any CPU
		{437DBDF1-22B5-4A4F-9502-D093F003FCF7}.Release|Any CPU.ActiveCfg = Release|Any CPU
		{437DBDF1-22B5-4A4F-9502-D093F003FCF7}.Release|Any CPU.Build.0 = Release|Any CPU
		{F8D30C6F-1A92-4BD0-BE0B-FED25E3184BD}.Debug|Any CPU.ActiveCfg = Debug|Any CPU
		{F8D30C6F-1A92-4BD0-BE0B-FED25E3184BD}.Debug|Any CPU.Build.0 = Debug|Any CPU
		{F8D30C6F-1A92-4BD0-BE0B-FED25E3184BD}.Release|Any CPU.ActiveCfg = Release|Any CPU
		{F8D30C6F-1A92-4BD0-BE0B-FED25E3184BD}.Release|Any CPU.Build.0 = Release|Any CPU
		{B0F14818-80E4-4834-B32C-C1B76893E092}.Debug|Any CPU.ActiveCfg = Debug|Any CPU
		{B0F14818-80E4-4834-B32C-C1B76893E092}.Debug|Any CPU.Build.0 = Debug|Any CPU
		{B0F14818-80E4-4834-B32C-C1B76893E092}.Release|Any CPU.ActiveCfg = Release|Any CPU
		{B0F14818-80E4-4834-B32C-C1B76893E092}.Release|Any CPU.Build.0 = Release|Any CPU
	EndGlobalSection
	GlobalSection(SolutionProperties) = preSolution
		HideSolutionNode = FALSE
	EndGlobalSection
	GlobalSection(ExtensibilityGlobals) = postSolution
		SolutionGuid = {5F6EE4AD-7218-4547-A9C2-8A82964D1EC6}
	EndGlobalSection
EndGlobal
